
Microsoft Visual Studio Solution File, Format Version 12.00
# Visual Studio Version 17
VisualStudioVersion = 17.5.33502.453
MinimumVisualStudioVersion = 10.0.40219.1
Project("{FAE04EC0-301F-11D3-BF4B-00C04F79EFBC}") = "BulkyBookWeb", "BulkyBookWeb\BulkyBookWeb.csproj", "{6D18CE29-03F3-420C-9C24-7111CC1B6711}"
EndProject
Global
	GlobalSection(SolutionConfigurationPlatforms) = preSolution
		Debug|Any CPU = Debug|Any CPU
		Release|Any CPU = Release|Any CPU
	EndGlobalSection
	GlobalSection(ProjectConfigurationPlatforms) = postSolution
		{6D18CE29-03F3-420C-9C24-7111CC1B6711}.Debug|Any CPU.ActiveCfg = Debug|Any CPU
		{6D18CE29-03F3-420C-9C24-7111CC1B6711}.Debug|Any CPU.Build.0 = Debug|Any CPU
		{6D18CE29-03F3-420C-9C24-7111CC1B6711}.Release|Any CPU.ActiveCfg = Release|Any CPU
		{6D18CE29-03F3-420C-9C24-7111CC1B6711}.Release|Any CPU.Build.0 = Release|Any CPU
	EndGlobalSection
	GlobalSection(SolutionProperties) = preSolution
		HideSolutionNode = FALSE
	EndGlobalSection
	GlobalSection(ExtensibilityGlobals) = postSolution
		SolutionGuid = {64984C01-3F7C-4F7E-BD0D-8DBE3C16BF0B}
	EndGlobalSection
EndGlobal
